{
  "lockfileVersion": 2,
  "configVersion": 1,
  "workspaces": {
    "": {
      "name": "agent-strata",
      "devDependencies": {
        "@types/bun": "^1.2.0",
        "typescript": "5.5.4",
      },
    },
    "packages/adapter-acp": {
      "name": "@agent-strata/adapter-acp",
      "version": "0.0.0",
      "dependencies": {
        "@agent-strata/policy": "workspace:*",
        "@agent-strata/projector": "workspace:*",
        "@agent-strata/schema": "workspace:*",
        "@agent-strata/store": "workspace:*",
        "@agentclientprotocol/sdk": "0.21.0",
        "diff": "5.2.0",
        "ulid": "2.3.0",
        "zod": "3.25.76",
      },
      "devDependencies": {
        "@types/diff": "5.2.3",
      },
    },
    "packages/adapter-opencode": {
      "name": "@agent-strata/adapter-opencode",
      "version": "0.0.0",
      "dependencies": {
        "@agent-strata/policy": "workspace:*",
        "@agent-strata/projector": "workspace:*",
        "@agent-strata/schema": "workspace:*",
        "@agent-strata/store": "workspace:*",
        "@opencode-ai/sdk": "1.18.35",
      },
    },
    "packages/policy": {
      "name": "@agent-strata/policy",
      "version": "0.0.0",
      "dependencies": {
        "@agent-strata/schema": "workspace:*",
        "ulid": "2.3.0",
        "zod": "3.23.8",
      },
    },
    "packages/projector": {
      "name": "@agent-strata/projector",
      "version": "0.0.0",
      "dependencies": {
        "@agent-strata/schema": "workspace:*",
        "ulid": "2.3.0",
        "zod": "3.23.8",
      },
    },
    "packages/schema": {
      "name": "@agent-strata/schema",
      "version": "0.0.0",
      "dependencies": {
        "ulid": "2.3.0",
        "zod": "3.23.8",
      },
    },
    "packages/store": {
      "name": "@agent-strata/store",
      "version": "0.0.0",
      "dependencies": {
        "@agent-strata/schema": "workspace:*",
        "ulid": "2.3.0",
        "zod": "3.23.8",
      },
    },
  },
  "packages": {
    "@agent-strata/adapter-acp": ["@agent-strata/adapter-acp@workspace:packages/adapter-acp"],

    "@agent-strata/adapter-opencode": ["@agent-strata/adapter-opencode@workspace:packages/adapter-opencode"],

    "@agent-strata/policy": ["@agent-strata/policy@workspace:packages/policy"],

    "@agent-strata/projector": ["@agent-strata/projector@workspace:packages/projector"],

    "@agent-strata/schema": ["@agent-strata/schema@workspace:packages/schema"],

    "@agent-strata/store": ["@agent-strata/store@workspace:packages/store"],

    "@agentclientprotocol/sdk": ["@agentclientprotocol/sdk@0.21.0", "", { "peerDependencies": { "zod": "^3.25.0 || ^4.0.0" } }, "sha512-ONj+Q8qOdNQp5XbH5jnMwzT9IKZJsSN0p0lkceS4GtUtNOPVLpNzSS8gqQdGMKfBvA0ESbkL8BTaSN1Rc9miEw=="],

    "@opencode-ai/sdk": ["@opencode-ai/sdk@1.18.35", "", { "dependencies": { "cross-spawn": "7.0.6" } }, "sha512-cp3IFKwnqgeUbflrrwz/WmG/dALVyM2k0LA1aqCvWe58Tu4utNTNw+BwZzQEML1HxDaLrIB+Fc4Ztb8S16Ijcw=="],

    "@types/bun": ["@types/bun@1.4.2", "", { "dependencies": { "bun-types": "1.4.2" } }, "sha512-GimotNn7+ZV0uVArItBbriZsR1oNf0+WTzPkdcFrzShI7k2norL0uzEaJT8T33dWr7O/c9ZDuAFQrctKCi72oQ=="],

    "@types/diff": ["@types/diff@5.2.3", "", {}, "sha512-K0Oqlrq3kQMaO2RhfrNQX5trmt+XLyom88zS0u84nnIcLvFnRUMRRHmrGny5GSM+kNO9IZLARsdQHDzkhAgmrQ=="],

    "@types/node": ["@types/node@26.6.4", "", { "dependencies": { "undici-types": "~8.9.0" } }, "sha512-ldVPDCzj7fsaGZrLB0NuHuTvJcsNasysBAqMolr/cgxrLd1xbqxIr3XJiPnHHJUCxj5sNF1vnRj9aWnrVh5Jcg=="],

    "bun-types": ["bun-types@1.4.2", "", { "dependencies": { "@types/node": "*" } }, "sha512-bxV1FgK7yBIzjRe5zBozIM4Bem11ZJcCXSrjWRG3YWLt8yFDePu4cLjpebO8OvPeIE9trbyPF4fuj3Cia4Fj3w=="],

    "cross-spawn": ["cross-spawn@7.0.6", "", { "dependencies": { "path-key": "^3.1.0", "shebang-command": "^2.0.0", "which": "^2.0.1" } }, "sha512-uV2QOWP2nWzsy2aMp8aRibhi9dlzF5Hgh5SHaB9OiTGEyDTiJJyx0uy51QXdyWbtAHNua4XJzUKca3OzKUd3vA=="],

    "diff": ["diff@5.2.0", "", {}, "sha512-uIFDxqpRZGZ6ThOk84hEfqWoHx2devRFvpTZcTHur85vImfaxUbTW9Ryh4CpCuDnToOP1CEtXKIgytHBPVff5A=="],

    "isexe": ["isexe@2.0.0", "", {}, "sha512-RHxMLp9lnKHGHRng9QFhRCMbYAcVpn69smSGcq3f36xjgVVWThj4qqLbTLlq7Ssj8B+fIQ1EuCEGI2lKsyQeIw=="],

    "path-key": ["path-key@3.1.1", "", {}, "sha512-ojmeN0qd+y0jszEtoY48r0Peq5dwMEkIlCOu6Q5f41lfkswXuKtYrhgoTpLnyIcHm24Uhqx+5Tqm2InSwLhE6Q=="],

    "shebang-command": ["shebang-command@2.0.0", "", { "dependencies": { "shebang-regex": "^3.0.0" } }, "sha512-kHxr2zZpYtdmrN1qDjrrX/Z1rR1kG8Dx+gkpK1G4eXmvXswmcE1hTWBWYUzlraYw1/yZp6YuDY77YtvbN0dmDA=="],

    "shebang-regex": ["shebang-regex@3.0.0", "", {}, "sha512-7++dFhtcx3353uBaq8DDR4NuxBetBzC7ZQOhmTQInHEd6bSrXdiEyzCvG07Z44UYdLShWUyXt5M/yhz8ekcb1A=="],

    "typescript": ["typescript@5.5.4", "", { "bin": { "tsc": "bin/tsc", "tsserver": "bin/tsserver" } }, "sha512-Mtq29sKDAEYP7aljRgtPOpTvOfbwRWlS6dPRzwjdE+C0R4brX/GUyhHSecbHMFLNBLcJIPt9nl9yG5TZ1weH+Q=="],

    "ulid": ["ulid@2.3.0", "", { "bin": { "ulid": "./bin/cli.js" } }, "sha512-keqHubrlpvT6G2wH0OEfSW4mquYRcbe/J8NMmveoQOjUqmo+hXtO+ORCpWhdbZ7k72UtY61BL7haGxW6enBnjw=="],

    "undici-types": ["undici-types@8.9.0", "", {}, "sha512-KTDyRTYX8sWmKXAikPHHSyc63CRPETMctyjKFupcC6OBLXT3xsN0e9aF7m+mIXutFWpUXuedtowG7iLOzp0kQg=="],

    "which": ["which@2.0.2", "", { "dependencies": { "isexe": "^2.0.0" }, "bin": { "node-which": "./bin/node-which" } }, "sha512-BLI3Tl1TW3Pvl70l3yq3Y64i+awpwXqsGBYWkkqMtnbXgrMD+yj7rhW0kuEDxzJaYXGjEW5ogapKNMEKNMjibA=="],

    "zod": ["zod@3.25.76", "", {}, "sha512-gzUt/qt81nXsFGKIFcC3YnfEAx5NkunCfnDlvuBSSFS02bcXu4Lmea0AFIUwbLWxWPx3d9p8S5QoaujKcNQxcQ=="],

    "@agent-strata/policy/zod": ["zod@3.23.8", "", {}, "sha512-XBx9AXhXktjUqnepgTiE5flcKIYWi/rme0Eaj+5Y0lftuGBq+jyRu/md4WnuxqgP1ubdpNCsYEYPxrzVHD8d6g=="],

    "@agent-strata/projector/zod": ["zod@3.23.8", "", {}, "sha512-XBx9AXhXktjUqnepgTiE5flcKIYWi/rme0Eaj+5Y0lftuGBq+jyRu/md4WnuxqgP1ubdpNCsYEYPxrzVHD8d6g=="],

    "@agent-strata/schema/zod": ["zod@3.23.8", "", {}, "sha512-XBx9AXhXktjUqnepgTiE5flcKIYWi/rme0Eaj+5Y0lftuGBq+jyRu/md4WnuxqgP1ubdpNCsYEYPxrzVHD8d6g=="],

    "@agent-strata/store/zod": ["zod@3.23.8", "", {}, "sha512-XBx9AXhXktjUqnepgTiE5flcKIYWi/rme0Eaj+5Y0lftuGBq+jyRu/md4WnuxqgP1ubdpNCsYEYPxrzVHD8d6g=="],
  }
}
